
Microsoft Visual Studio Solution File, Format Version 12.00
# Visual Studio Version 16
VisualStudioVersion = 16.0.31005.135
MinimumVisualStudioVersion = 10.0.40219.1
Project("{9A19103F-16F7-4668-BE54-9A1E7A4F7556}") = "Tuples", "C_Sharp.Exceptions.Tuples\Tuples.csproj", "{CA02C72E-7680-4BA8-8D96-6145FBBAE44F}"
EndProject
Project("{FAE04EC0-301F-11D3-BF4B-00C04F79EFBC}") = "Boxing.Unboxing", "Boxing.Unboxing\Boxing.Unboxing.csproj", "{9F40215E-3EE2-4DD3-AAAE-BEA28A626ACF}"
EndProject
Project("{FAE04EC0-301F-11D3-BF4B-00C04F79EFBC}") = "Exceptions_Demo", "Exceptions\Exceptions_Demo.csproj", "{F433D48B-0C60-45A2-9B2D-0D723BB93590}"
EndProject
Project("{FAE04EC0-301F-11D3-BF4B-00C04F79EFBC}") = "Exception_Practise", "Exception_Practise\Exception_Practise.csproj", "{A1186501-D0D9-40BD-8FDE-A13A465DD5F6}"
EndProject
Project("{FAE04EC0-301F-11D3-BF4B-00C04F79EFBC}") = "Checked.Unchecked.DEMO", "Checked.Unchecked.DEMO\Checked.Unchecked.DEMO.csproj", "{0381D805-5EC3-4AD2-AD1D-73E9DCBF2ED6}"
EndProject
Project("{FAE04EC0-301F-11D3-BF4B-00C04F79EFBC}") = "Department_Pract", "Department_Pract\Department_Pract.csproj", "{ED260EA5-E838-4CB3-B30C-50BD183D5B7F}"
EndProject
Global
	GlobalSection(SolutionConfigurationPlatforms) = preSolution
		Debug|Any CPU = Debug|Any CPU
		Release|Any CPU = Release|Any CPU
	EndGlobalSection
	GlobalSection(ProjectConfigurationPlatforms) = postSolution
		{CA02C72E-7680-4BA8-8D96-6145FBBAE44F}.Debug|Any CPU.ActiveCfg = Debug|Any CPU
		{CA02C72E-7680-4BA8-8D96-6145FBBAE44F}.Debug|Any CPU.Build.0 = Debug|Any CPU
		{CA02C72E-7680-4BA8-8D96-6145FBBAE44F}.Release|Any CPU.ActiveCfg = Release|Any CPU
		{CA02C72E-7680-4BA8-8D96-6145FBBAE44F}.Release|Any CPU.Build.0 = Release|Any CPU
		{9F40215E-3EE2-4DD3-AAAE-BEA28A626ACF}.Debug|Any CPU.ActiveCfg = Debug|Any CPU
		{9F40215E-3EE2-4DD3-AAAE-BEA28A626ACF}.Debug|Any CPU.Build.0 = Debug|Any CPU
		{9F40215E-3EE2-4DD3-AAAE-BEA28A626ACF}.Release|Any CPU.ActiveCfg = Release|Any CPU
		{9F40215E-3EE2-4DD3-AAAE-BEA28A626ACF}.Release|Any CPU.Build.0 = Release|Any CPU
		{F433D48B-0C60-45A2-9B2D-0D723BB93590}.Debug|Any CPU.ActiveCfg = Debug|Any CPU
		{F433D48B-0C60-45A2-9B2D-0D723BB93590}.Debug|Any CPU.Build.0 = Debug|Any CPU
		{F433D48B-0C60-45A2-9B2D-0D723BB93590}.Release|Any CPU.ActiveCfg = Release|Any CPU
		{F433D48B-0C60-45A2-9B2D-0D723BB93590}.Release|Any CPU.Build.0 = Release|Any CPU
		{A1186501-D0D9-40BD-8FDE-A13A465DD5F6}.Debug|Any CPU.ActiveCfg = Debug|Any CPU
		{A1186501-D0D9-40BD-8FDE-A13A465DD5F6}.Debug|Any CPU.Build.0 = Debug|Any CPU
		{A1186501-D0D9-40BD-8FDE-A13A465DD5F6}.Release|Any CPU.ActiveCfg = Release|Any CPU
		{A1186501-D0D9-40BD-8FDE-A13A465DD5F6}.Release|Any CPU.Build.0 = Release|Any CPU
		{0381D805-5EC3-4AD2-AD1D-73E9DCBF2ED6}.Debug|Any CPU.ActiveCfg = Debug|Any CPU
		{0381D805-5EC3-4AD2-AD1D-73E9DCBF2ED6}.Debug|Any CPU.Build.0 = Debug|Any CPU
		{0381D805-5EC3-4AD2-AD1D-73E9DCBF2ED6}.Release|Any CPU.ActiveCfg = Release|Any CPU
		{0381D805-5EC3-4AD2-AD1D-73E9DCBF2ED6}.Release|Any CPU.Build.0 = Release|Any CPU
		{ED260EA5-E838-4CB3-B30C-50BD183D5B7F}.Debug|Any CPU.ActiveCfg = Debug|Any CPU
		{ED260EA5-E838-4CB3-B30C-50BD183D5B7F}.Debug|Any CPU.Build.0 = Debug|Any CPU
		{ED260EA5-E838-4CB3-B30C-50BD183D5B7F}.Release|Any CPU.ActiveCfg = Release|Any CPU
		{ED260EA5-E838-4CB3-B30C-50BD183D5B7F}.Release|Any CPU.Build.0 = Release|Any CPU
	EndGlobalSection
	GlobalSection(SolutionProperties) = preSolution
		HideSolutionNode = FALSE
	EndGlobalSection
	GlobalSection(ExtensibilityGlobals) = postSolution
		SolutionGuid = {610DD6AA-C57A-404F-BD16-660E2C35708B}
	EndGlobalSection
EndGlobal
